
Microsoft Visual Studio Solution File, Format Version 12.00
# Visual Studio Version 17
VisualStudioVersion = 17.11.35312.102
MinimumVisualStudioVersion = 10.0.40219.1
Project("{FAE04EC0-301F-11D3-BF4B-00C04F79EFBC}") = "uçak rezervasyonu", "uçak rezervasyonu\uçak rezervasyonu.csproj", "{C3338D36-A874-4F95-A734-DB2784ED99EA}"
EndProject
Global
	GlobalSection(SolutionConfigurationPlatforms) = preSolution
		Debug|Any CPU = Debug|Any CPU
		Release|Any CPU = Release|Any CPU
	EndGlobalSection
	GlobalSection(ProjectConfigurationPlatforms) = postSolution
		{C3338D36-A874-4F95-A734-DB2784ED99EA}.Debug|Any CPU.ActiveCfg = Debug|Any CPU
		{C3338D36-A874-4F95-A734-DB2784ED99EA}.Debug|Any CPU.Build.0 = Debug|Any CPU
		{C3338D36-A874-4F95-A734-DB2784ED99EA}.Release|Any CPU.ActiveCfg = Release|Any CPU
		{C3338D36-A874-4F95-A734-DB2784ED99EA}.Release|Any CPU.Build.0 = Release|Any CPU
	EndGlobalSection
	GlobalSection(SolutionProperties) = preSolution
		HideSolutionNode = FALSE
	EndGlobalSection
	GlobalSection(ExtensibilityGlobals) = postSolution
		SolutionGuid = {CC131B5B-DAEA-4821-8A7B-CFDC3F66872C}
	EndGlobalSection
EndGlobal
