
Microsoft Visual Studio Solution File, Format Version 12.00
# Visual Studio Version 17
VisualStudioVersion = 17.11.35312.102
MinimumVisualStudioVersion = 10.0.40219.1
Project("{FAE04EC0-301F-11D3-BF4B-00C04F79EFBC}") = "uçak rezervasyon 2", "uçak rezervasyon 2\uçak rezervasyon 2.csproj", "{5852E3C0-E5AF-49CF-B5E5-F6695222BD30}"
EndProject
Global
	GlobalSection(SolutionConfigurationPlatforms) = preSolution
		Debug|Any CPU = Debug|Any CPU
		Release|Any CPU = Release|Any CPU
	EndGlobalSection
	GlobalSection(ProjectConfigurationPlatforms) = postSolution
		{5852E3C0-E5AF-49CF-B5E5-F6695222BD30}.Debug|Any CPU.ActiveCfg = Debug|Any CPU
		{5852E3C0-E5AF-49CF-B5E5-F6695222BD30}.Debug|Any CPU.Build.0 = Debug|Any CPU
		{5852E3C0-E5AF-49CF-B5E5-F6695222BD30}.Release|Any CPU.ActiveCfg = Release|Any CPU
		{5852E3C0-E5AF-49CF-B5E5-F6695222BD30}.Release|Any CPU.Build.0 = Release|Any CPU
	EndGlobalSection
	GlobalSection(SolutionProperties) = preSolution
		HideSolutionNode = FALSE
	EndGlobalSection
	GlobalSection(ExtensibilityGlobals) = postSolution
		SolutionGuid = {00563B99-E689-4C82-BE2F-6B2A0EF2DDA6}
	EndGlobalSection
EndGlobal
